PODS:
  - NVActivityIndicatorView (4.4.0):
    - NVActivityIndicatorView/Presenter (= 4.4.0)
  - NVActivityIndicatorView/Presenter (4.4.0)
  - ReachabilitySwift (4.3.0)
  - SDWebImage (4.4.2):
    - SDWebImage/Core (= 4.4.2)
  - SDWebImage/Core (4.4.2)
  - SidebarOverlay (4.2.2)

DEPENDENCIES:
  - NVActivityIndicatorView
  - ReachabilitySwift
  - SDWebImage (~> 4.0)
  - SidebarOverlay

SPEC REPOS:
  https://github.com/cocoapods/specs.git:
    - NVActivityIndicatorView
    - ReachabilitySwift
    - SDWebImage
    - SidebarOverlay

SPEC CHECKSUMS:
  NVActivityIndicatorView: ec7440a57af2450319d3a4181cca7da6fc127064
  ReachabilitySwift: 408477d1b6ed9779dba301953171e017c31241f3
  SDWebImage: 624d6e296c69b244bcede364c72ae0430ac14681
  SidebarOverlay: a5365455a2f9d54f70d0765764ca1a2806b1b11d

PODFILE CHECKSUM: a045e308edc5663874c949acd1e86d85bb252330

COCOAPODS: 1.5.3
